// !$*UTF8*$!
{
	archiveVersion = 1;
	classes = {
	};
	objectVersion = 56;
	objects = {

/* Begin PBXBuildFile section */
		901B2E11295AAC7400C5EDDE /* AppDelegate.swift in Sources */ = {isa = PBXBuildFile; fileRef = 901B2E10295AAC7400C5EDDE /* AppDelegate.swift */; };
		901B2E15295AAC7400C5EDDE /* ViewController.swift in Sources */ = {isa = PBXBuildFile; fileRef = 901B2E14295AAC7400C5EDDE /* ViewController.swift */; };
		901B2E18295AAC7400C5EDDE /* Main.storyboard in Resources */ = {isa = PBXBuildFile; fileRef = 901B2E16295AAC7400C5EDDE /* Main.storyboard */; };
		901B2E1A295AAC7500C5EDDE /* Assets.xcassets in Resources */ = {isa = PBXBuildFile; fileRef = 901B2E19295AAC7500C5EDDE /* Assets.xcassets */; };
		901B2E1D295AAC7500C5EDDE /* LaunchScreen.storyboard in Resources */ = {isa = PBXBuildFile; fileRef = 901B2E1B295AAC7500C5EDDE /* LaunchScreen.storyboard */; };
		901B2E26295AAD0700C5EDDE /* Lottie in Frameworks */ = {isa = PBXBuildFile; productRef = 901B2E25295AAD0700C5EDDE /* Lottie */; };
		901B2E2A295AAE1D00C5EDDE /* CollectionViewCell.swift in Sources */ = {isa = PBXBuildFile; fileRef = 901B2E29295AAE1D00C5EDDE /* CollectionViewCell.swift */; };
		901B2E44295AB53E00C5EDDE /* 4.json in Resources */ = {isa = PBXBuildFile; fileRef = 901B2E3E295AB53E00C5EDDE /* 4.json */; };
		901B2E47295AB53E00C5EDDE /* 6.json in Resources */ = {isa = PBXBuildFile; fileRef = 901B2E41295AB53E00C5EDDE /* 6.json */; };
		901B2E49295AB53E00C5EDDE /* 5.json in Resources */ = {isa = PBXBuildFile; fileRef = 901B2E43295AB53E00C5EDDE /* 5.json */; };
		901B2E51295AB54C00C5EDDE /* 1.json in Resources */ = {isa = PBXBuildFile; fileRef = 901B2E4B295AB54C00C5EDDE /* 1.json */; };
		901B2E52295AB54C00C5EDDE /* 2.json in Resources */ = {isa = PBXBuildFile; fileRef = 901B2E4C295AB54C00C5EDDE /* 2.json */; };
		901B2E55295AB54C00C5EDDE /* 3.json in Resources */ = {isa = PBXBuildFile; fileRef = 901B2E4F295AB54C00C5EDDE /* 3.json */; };
		901B2E57295AB64C00C5EDDE /* SceneDelegate.swift in Sources */ = {isa = PBXBuildFile; fileRef = 901B2E56295AB64C00C5EDDE /* SceneDelegate.swift */; };
		90216C8F295B97360079710E /* 8.json in Resources */ = {isa = PBXBuildFile; fileRef = 90216C8B295B97360079710E /* 8.json */; };
		90216C90295B97360079710E /* 7.json in Resources */ = {isa = PBXBuildFile; fileRef = 90216C8C295B97360079710E /* 7.json */; };
		90216C96295BBD5A0079710E /* 9.json in Resources */ = {isa = PBXBuildFile; fileRef = 90216C95295BBD5A0079710E /* 9.json */; };
/* End PBXBuildFile section */

/* Begin PBXFileReference section */
		901B2E0D295AAC7400C5EDDE /* Lottie CollectionView.app */ = {isa = PBXFileReference; explicitFileType = wrapper.application; includeInIndex = 0; path = "Lottie CollectionView.app"; sourceTree = BUILT_PRODUCTS_DIR; };
		901B2E10295AAC7400C5EDDE /* AppDelegate.swift */ = {isa = PBXFileReference; lastKnownFileType = sourcecode.swift; path = AppDelegate.swift; sourceTree = "<group>"; };
		901B2E14295AAC7400C5EDDE /* ViewController.swift */ = {isa = PBXFileReference; lastKnownFileType = sourcecode.swift; path = ViewController.swift; sourceTree = "<group>"; };
		901B2E17295AAC7400C5EDDE /* Base */ = {isa = PBXFileReference; lastKnownFileType = file.storyboard; name = Base; path = Base.lproj/Main.storyboard; sourceTree = "<group>"; };
		901B2E19295AAC7500C5EDDE /* Assets.xcassets */ = {isa = PBXFileReference; lastKnownFileType = folder.assetcatalog; path = Assets.xcassets; sourceTree = "<group>"; };
		901B2E1C295AAC7500C5EDDE /* Base */ = {isa = PBXFileReference; lastKnownFileType = file.storyboard; name = Base; path = Base.lproj/LaunchScreen.storyboard; sourceTree = "<group>"; };
		901B2E1E295AAC7500C5EDDE /* Info.plist */ = {isa = PBXFileReference; lastKnownFileType = text.plist.xml; path = Info.plist; sourceTree = "<group>"; };
		901B2E29295AAE1D00C5EDDE /* CollectionViewCell.swift */ = {isa = PBXFileReference; lastKnownFileType = sourcecode.swift; path = CollectionViewCell.swift; sourceTree = "<group>"; };
		901B2E3E295AB53E00C5EDDE /* 4.json */ = {isa = PBXFileReference; fileEncoding = 4; lastKnownFileType = text.json; path = 4.json; sourceTree = "<group>"; };
		901B2E41295AB53E00C5EDDE /* 6.json */ = {isa = PBXFileReference; fileEncoding = 4; lastKnownFileType = text.json; path = 6.json; sourceTree = "<group>"; };
		901B2E43295AB53E00C5EDDE /* 5.json */ = {isa = PBXFileReference; fileEncoding = 4; lastKnownFileType = text.json; path = 5.json; sourceTree = "<group>"; };
		901B2E4B295AB54C00C5EDDE /* 1.json */ = {isa = PBXFileReference; fileEncoding = 4; lastKnownFileType = text.json; path = 1.json; sourceTree = "<group>"; };
		901B2E4C295AB54C00C5EDDE /* 2.json */ = {isa = PBXFileReference; fileEncoding = 4; lastKnownFileType = text.json; path = 2.json; sourceTree = "<group>"; };
		901B2E4F295AB54C00C5EDDE /* 3.json */ = {isa = PBXFileReference; fileEncoding = 4; lastKnownFileType = text.json; path = 3.json; sourceTree = "<group>"; };
		901B2E56295AB64C00C5EDDE /* SceneDelegate.swift */ = {isa = PBXFileReference; fileEncoding = 4; lastKnownFileType = sourcecode.swift; path = SceneDelegate.swift; sourceTree = "<group>"; };
		90216C8B295B97360079710E /* 8.json */ = {isa = PBXFileReference; fileEncoding = 4; lastKnownFileType = text.json; path = 8.json; sourceTree = "<group>"; };
		90216C8C295B97360079710E /* 7.json */ = {isa = PBXFileReference; fileEncoding = 4; lastKnownFileType = text.json; path = 7.json; sourceTree = "<group>"; };
		90216C95295BBD5A0079710E /* 9.json */ = {isa = PBXFileReference; fileEncoding = 4; lastKnownFileType = text.json; path = 9.json; sourceTree = "<group>"; };
/* End PBXFileReference section */

/* Begin PBXFrameworksBuildPhase section */
		901B2E0A295AAC7400C5EDDE /* Frameworks */ = {
			isa = PBXFrameworksBuildPhase;
			buildActionMask = 2147483647;
			files = (
				901B2E26295AAD0700C5EDDE /* Lottie in Frameworks */,
			);
			runOnlyForDeploymentPostprocessing = 0;
		};
/* End PBXFrameworksBuildPhase section */

/* Begin PBXGroup section */
		901B2E04295AAC7400C5EDDE = {
			isa = PBXGroup;
			children = (
				901B2E0F295AAC7400C5EDDE /* Lottie CollectionView */,
				901B2E0E295AAC7400C5EDDE /* Products */,
			);
			sourceTree = "<group>";
		};
		901B2E0E295AAC7400C5EDDE /* Products */ = {
			isa = PBXGroup;
			children = (
				901B2E0D295AAC7400C5EDDE /* Lottie CollectionView.app */,
			);
			name = Products;
			sourceTree = "<group>";
		};
		901B2E0F295AAC7400C5EDDE /* Lottie CollectionView */ = {
			isa = PBXGroup;
			children = (
				901B2E2B295AB22500C5EDDE /* Lottie Resources */,
				901B2E10295AAC7400C5EDDE /* AppDelegate.swift */,
				901B2E56295AB64C00C5EDDE /* SceneDelegate.swift */,
				901B2E14295AAC7400C5EDDE /* ViewController.swift */,
				901B2E16295AAC7400C5EDDE /* Main.storyboard */,
				901B2E19295AAC7500C5EDDE /* Assets.xcassets */,
				901B2E1B295AAC7500C5EDDE /* LaunchScreen.storyboard */,
				901B2E1E295AAC7500C5EDDE /* Info.plist */,
				901B2E29295AAE1D00C5EDDE /* CollectionViewCell.swift */,
			);
			path = "Lottie CollectionView";
			sourceTree = "<group>";
		};
		901B2E2B295AB22500C5EDDE /* Lottie Resources */ = {
			isa = PBXGroup;
			children = (
				901B2E4F295AB54C00C5EDDE /* 3.json */,
				901B2E4C295AB54C00C5EDDE /* 2.json */,
				901B2E4B295AB54C00C5EDDE /* 1.json */,
				901B2E3E295AB53E00C5EDDE /* 4.json */,
				901B2E43295AB53E00C5EDDE /* 5.json */,
				901B2E41295AB53E00C5EDDE /* 6.json */,
				90216C8C295B97360079710E /* 7.json */,
				90216C8B295B97360079710E /* 8.json */,
				90216C95295BBD5A0079710E /* 9.json */,
			);
			path = "Lottie Resources";
			sourceTree = "<group>";
		};
/* End PBXGroup section */

/* Begin PBXNativeTarget section */
		901B2E0C295AAC7400C5EDDE /* Lottie CollectionView */ = {
			isa = PBXNativeTarget;
			buildConfigurationList = 901B2E21295AAC7500C5EDDE /* Build configuration list for PBXNativeTarget "Lottie CollectionView" */;
			buildPhases = (
				901B2E09295AAC7400C5EDDE /* Sources */,
				901B2E0A295AAC7400C5EDDE /* Frameworks */,
				901B2E0B295AAC7400C5EDDE /* Resources */,
			);
			buildRules = (
			);
			dependencies = (
			);
			name = "Lottie CollectionView";
			packageProductDependencies = (
				901B2E25295AAD0700C5EDDE /* Lottie */,
			);
			productName = "Lottie CollectionView";
			productReference = 901B2E0D295AAC7400C5EDDE /* Lottie CollectionView.app */;
			productType = "com.apple.product-type.application";
		};
/* End PBXNativeTarget section */

/* Begin PBXProject section */
		901B2E05295AAC7400C5EDDE /* Project object */ = {
			isa = PBXProject;
			attributes = {
				BuildIndependentTargetsInParallel = 1;
				LastSwiftUpdateCheck = 1410;
				LastUpgradeCheck = 1410;
				TargetAttributes = {
					901B2E0C295AAC7400C5EDDE = {
						CreatedOnToolsVersion = 14.1;
					};
				};
			};
			buildConfigurationList = 901B2E08295AAC7400C5EDDE /* Build configuration list for PBXProject "Lottie CollectionView" */;
			compatibilityVersion = "Xcode 14.0";
			developmentRegion = en;
			hasScannedForEncodings = 0;
			knownRegions = (
				en,
				Base,
			);
			mainGroup = 901B2E04295AAC7400C5EDDE;
			packageReferences = (
				901B2E24295AAD0700C5EDDE /* XCRemoteSwiftPackageReference "lottie-ios" */,
			);
			productRefGroup = 901B2E0E295AAC7400C5EDDE /* Products */;
			projectDirPath = "";
			projectRoot = "";
			targets = (
				901B2E0C295AAC7400C5EDDE /* Lottie CollectionView */,
			);
		};
/* End PBXProject section */

/* Begin PBXResourcesBuildPhase section */
		901B2E0B295AAC7400C5EDDE /* Resources */ = {
			isa = PBXResourcesBuildPhase;
			buildActionMask = 2147483647;
			files = (
				901B2E47295AB53E00C5EDDE /* 6.json in Resources */,
				901B2E49295AB53E00C5EDDE /* 5.json in Resources */,
				901B2E1D295AAC7500C5EDDE /* LaunchScreen.storyboard in Resources */,
				90216C96295BBD5A0079710E /* 9.json in Resources */,
				901B2E1A295AAC7500C5EDDE /* Assets.xcassets in Resources */,
				901B2E55295AB54C00C5EDDE /* 3.json in Resources */,
				90216C8F295B97360079710E /* 8.json in Resources */,
				901B2E52295AB54C00C5EDDE /* 2.json in Resources */,
				901B2E18295AAC7400C5EDDE /* Main.storyboard in Resources */,
				90216C90295B97360079710E /* 7.json in Resources */,
				901B2E44295AB53E00C5EDDE /* 4.json in Resources */,
				901B2E51295AB54C00C5EDDE /* 1.json in Resources */,
			);
			runOnlyForDeploymentPostprocessing = 0;
		};
/* End PBXResourcesBuildPhase section */

/* Begin PBXSourcesBuildPhase section */
		901B2E09295AAC7400C5EDDE /* Sources */ = {
			isa = PBXSourcesBuildPhase;
			buildActionMask = 2147483647;
			files = (
				901B2E15295AAC7400C5EDDE /* ViewController.swift in Sources */,
				901B2E11295AAC7400C5EDDE /* AppDelegate.swift in Sources */,
				901B2E2A295AAE1D00C5EDDE /* CollectionViewCell.swift in Sources */,
				901B2E57295AB64C00C5EDDE /* SceneDelegate.swift in Sources */,
			);
			runOnlyForDeploymentPostprocessing = 0;
		};
/* End PBXSourcesBuildPhase section */

/* Begin PBXVariantGroup section */
		901B2E16295AAC7400C5EDDE /* Main.storyboard */ = {
			isa = PBXVariantGroup;
			children = (
				901B2E17295AAC7400C5EDDE /* Base */,
			);
			name = Main.storyboard;
			sourceTree = "<group>";
		};
		901B2E1B295AAC7500C5EDDE /* LaunchScreen.storyboard */ = {
			isa = PBXVariantGroup;
			children = (
				901B2E1C295AAC7500C5EDDE /* Base */,
			);
			name = LaunchScreen.storyboard;
			sourceTree = "<group>";
		};
/* End PBXVariantGroup section */

/* Begin XCBuildConfiguration section */
		901B2E1F295AAC7500C5EDDE /* Debug */ = {
			isa = XCBuildConfiguration;
			buildSettings = {
				ALWAYS_SEARCH_USER_PATHS = NO;
				CLANG_ANALYZER_NONNULL = YES;
				CLANG_ANALYZER_NUMBER_OBJECT_CONVERSION = YES_AGGRESSIVE;
				CLANG_CXX_LANGUAGE_STANDARD = "gnu++20";
				CLANG_ENABLE_MODULES = YES;
				CLANG_ENABLE_OBJC_ARC = YES;
				CLANG_ENABLE_OBJC_WEAK = YES;
				CLANG_WARN_BLOCK_CAPTURE_AUTORELEASING = YES;
				CLANG_WARN_BOOL_CONVERSION = YES;
				CLANG_WARN_COMMA = YES;
				CLANG_WARN_CONSTANT_CONVERSION = YES;
				CLANG_WARN_DEPRECATED_OBJC_IMPLEMENTATIONS = YES;
				CLANG_WARN_DIRECT_OBJC_ISA_USAGE = YES_ERROR;
				CLANG_WARN_DOCUMENTATION_COMMENTS = YES;
				CLANG_WARN_EMPTY_BODY = YES;
				CLANG_WARN_ENUM_CONVERSION = YES;
				CLANG_WARN_INFINITE_RECURSION = YES;
				CLANG_WARN_INT_CONVERSION = YES;
				CLANG_WARN_NON_LITERAL_NULL_CONVERSION = YES;
				CLANG_WARN_OBJC_IMPLICIT_RETAIN_SELF = YES;
				CLANG_WARN_OBJC_LITERAL_CONVERSION = YES;
				CLANG_WARN_OBJC_ROOT_CLASS = YES_ERROR;
				CLANG_WARN_QUOTED_INCLUDE_IN_FRAMEWORK_HEADER = YES;
				CLANG_WARN_RANGE_LOOP_ANALYSIS = YES;
				CLANG_WARN_STRICT_PROTOTYPES = YES;
				CLANG_WARN_SUSPICIOUS_MOVE = YES;
				CLANG_WARN_UNGUARDED_AVAILABILITY = YES_AGGRESSIVE;
				CLANG_WARN_UNREACHABLE_CODE = YES;
				CLANG_WARN__DUPLICATE_METHOD_MATCH = YES;
				COPY_PHASE_STRIP = NO;
				DEBUG_INFORMATION_FORMAT = dwarf;
				ENABLE_STRICT_OBJC_MSGSEND = YES;
				ENABLE_TESTABILITY = YES;
				GCC_C_LANGUAGE_STANDARD = gnu11;
				GCC_DYNAMIC_NO_PIC = NO;
				GCC_NO_COMMON_BLOCKS = YES;
				GCC_OPTIMIZATION_LEVEL = 0;
				GCC_PREPROCESSOR_DEFINITIONS = (
					"DEBUG=1",
					"$(inherited)",
				);
				GCC_WARN_64_TO_32_BIT_CONVERSION = YES;
				GCC_WARN_ABOUT_RETURN_TYPE = YES_ERROR;
				GCC_WARN_UNDECLARED_SELECTOR = YES;
				GCC_WARN_UNINITIALIZED_AUTOS = YES_AGGRESSIVE;
				GCC_WARN_UNUSED_FUNCTION = YES;
				GCC_WARN_UNUSED_VARIABLE = YES;
				IPHONEOS_DEPLOYMENT_TARGET = 16.1;
				MTL_ENABLE_DEBUG_INFO = INCLUDE_SOURCE;
				MTL_FAST_MATH = YES;
				ONLY_ACTIVE_ARCH = YES;
				SDKROOT = iphoneos;
				SWIFT_ACTIVE_COMPILATION_CONDITIONS = DEBUG;
				SWIFT_OPTIMIZATION_LEVEL = "-Onone";
			};
			name = Debug;
		};
		901B2E20295AAC7500C5EDDE /* Release */ = {
			isa = XCBuildConfiguration;
			buildSettings = {
				ALWAYS_SEARCH_USER_PATHS = NO;
				CLANG_ANALYZER_NONNULL = YES;
				CLANG_ANALYZER_NUMBER_OBJECT_CONVERSION = YES_AGGRESSIVE;
				CLANG_CXX_LANGUAGE_STANDARD = "gnu++20";
				CLANG_ENABLE_MODULES = YES;
				CLANG_ENABLE_OBJC_ARC = YES;
				CLANG_ENABLE_OBJC_WEAK = YES;
				CLANG_WARN_BLOCK_CAPTURE_AUTORELEASING = YES;
				CLANG_WARN_BOOL_CONVERSION = YES;
				CLANG_WARN_COMMA = YES;
				CLANG_WARN_CONSTANT_CONVERSION = YES;
				CLANG_WARN_DEPRECATED_OBJC_IMPLEMENTATIONS = YES;
				CLANG_WARN_DIRECT_OBJC_ISA_USAGE = YES_ERROR;
				CLANG_WARN_DOCUMENTATION_COMMENTS = YES;
				CLANG_WARN_EMPTY_BODY = YES;
				CLANG_WARN_ENUM_CONVERSION = YES;
				CLANG_WARN_INFINITE_RECURSION = YES;
				CLANG_WARN_INT_CONVERSION = YES;
				CLANG_WARN_NON_LITERAL_NULL_CONVERSION = YES;
				CLANG_WARN_OBJC_IMPLICIT_RETAIN_SELF = YES;
				CLANG_WARN_OBJC_LITERAL_CONVERSION = YES;
				CLANG_WARN_OBJC_ROOT_CLASS = YES_ERROR;
				CLANG_WARN_QUOTED_INCLUDE_IN_FRAMEWORK_HEADER = YES;
				CLANG_WARN_RANGE_LOOP_ANALYSIS = YES;
				CLANG_WARN_STRICT_PROTOTYPES = YES;
				CLANG_WARN_SUSPICIOUS_MOVE = YES;
				CLANG_WARN_UNGUARDED_AVAILABILITY = YES_AGGRESSIVE;
				CLANG_WARN_UNREACHABLE_CODE = YES;
				CLANG_WARN__DUPLICATE_METHOD_MATCH = YES;
				COPY_PHASE_STRIP = NO;
				DEBUG_INFORMATION_FORMAT = "dwarf-with-dsym";
				ENABLE_NS_ASSERTIONS = NO;
				ENABLE_STRICT_OBJC_MSGSEND = YES;
				GCC_C_LANGUAGE_STANDARD = gnu11;
				GCC_NO_COMMON_BLOCKS = YES;
				GCC_WARN_64_TO_32_BIT_CONVERSION = YES;
				GCC_WARN_ABOUT_RETURN_TYPE = YES_ERROR;
				GCC_WARN_UNDECLARED_SELECTOR = YES;
				GCC_WARN_UNINITIALIZED_AUTOS = YES_AGGRESSIVE;
				GCC_WARN_UNUSED_FUNCTION = YES;
				GCC_WARN_UNUSED_VARIABLE = YES;
				IPHONEOS_DEPLOYMENT_TARGET = 16.1;
				MTL_ENABLE_DEBUG_INFO = NO;
				MTL_FAST_MATH = YES;
				SDKROOT = iphoneos;
				SWIFT_COMPILATION_MODE = wholemodule;
				SWIFT_OPTIMIZATION_LEVEL = "-O";
				VALIDATE_PRODUCT = YES;
			};
			name = Release;
		};
		901B2E22295AAC7500C5EDDE /* Debug */ = {
			isa = XCBuildConfiguration;
			buildSettings = {
				ASSETCATALOG_COMPILER_APPICON_NAME = AppIcon;
				ASSETCATALOG_COMPILER_GLOBAL_ACCENT_COLOR_NAME = AccentColor;
				CODE_SIGN_STYLE = Automatic;
				CURRENT_PROJECT_VERSION = 1;
				DEVELOPMENT_TEAM = CF4QM4CNHN;
				GENERATE_INFOPLIST_FILE = YES;
				INFOPLIST_FILE = "Lottie CollectionView/Info.plist";
				INFOPLIST_KEY_UIApplicationSupportsIndirectInputEvents = YES;
				INFOPLIST_KEY_UILaunchStoryboardName = LaunchScreen;
				INFOPLIST_KEY_UIMainStoryboardFile = Main;
				INFOPLIST_KEY_UISupportedInterfaceOrientations_iPad = "UIInterfaceOrientationPortrait UIInterfaceOrientationPortraitUpsideDown UIInterfaceOrientationLandscapeLeft UIInterfaceOrientationLandscapeRight";
				INFOPLIST_KEY_UISupportedInterfaceOrientations_iPhone = "UIInterfaceOrientationPortrait UIInterfaceOrientationLandscapeLeft UIInterfaceOrientationLandscapeRight";
				LD_RUNPATH_SEARCH_PATHS = (
					"$(inherited)",
					"@executable_path/Frameworks",
				);
				MARKETING_VERSION = 1.0;
				PRODUCT_BUNDLE_IDENTIFIER = "com.yogeshpatel.Lottie-CollectionView";
				PRODUCT_NAME = "$(TARGET_NAME)";
				SWIFT_EMIT_LOC_STRINGS = YES;
				SWIFT_VERSION = 5.0;
				TARGETED_DEVICE_FAMILY = "1,2";
			};
			name = Debug;
		};
		901B2E23295AAC7500C5EDDE /* Release */ = {
			isa = XCBuildConfiguration;
			buildSettings = {
				ASSETCATALOG_COMPILER_APPICON_NAME = AppIcon;
				ASSETCATALOG_COMPILER_GLOBAL_ACCENT_COLOR_NAME = AccentColor;
				CODE_SIGN_STYLE = Automatic;
				CURRENT_PROJECT_VERSION = 1;
				DEVELOPMENT_TEAM = CF4QM4CNHN;
				GENERATE_INFOPLIST_FILE = YES;
				INFOPLIST_FILE = "Lottie CollectionView/Info.plist";
				INFOPLIST_KEY_UIApplicationSupportsIndirectInputEvents = YES;
				INFOPLIST_KEY_UILaunchStoryboardName = LaunchScreen;
				INFOPLIST_KEY_UIMainStoryboardFile = Main;
				INFOPLIST_KEY_UISupportedInterfaceOrientations_iPad = "UIInterfaceOrientationPortrait UIInterfaceOrientationPortraitUpsideDown UIInterfaceOrientationLandscapeLeft UIInterfaceOrientationLandscapeRight";
				INFOPLIST_KEY_UISupportedInterfaceOrientations_iPhone = "UIInterfaceOrientationPortrait UIInterfaceOrientationLandscapeLeft UIInterfaceOrientationLandscapeRight";
				LD_RUNPATH_SEARCH_PATHS = (
					"$(inherited)",
					"@executable_path/Frameworks",
				);
				MARKETING_VERSION = 1.0;
				PRODUCT_BUNDLE_IDENTIFIER = "com.yogeshpatel.Lottie-CollectionView";
				PRODUCT_NAME = "$(TARGET_NAME)";
				SWIFT_EMIT_LOC_STRINGS = YES;
				SWIFT_VERSION = 5.0;
				TARGETED_DEVICE_FAMILY = "1,2";
			};
			name = Release;
		};
/* End XCBuildConfiguration section */

/* Begin XCConfigurationList section */
		901B2E08295AAC7400C5EDDE /* Build configuration list for PBXProject "Lottie CollectionView" */ = {
			isa = XCConfigurationList;
			buildConfigurations = (
				901B2E1F295AAC7500C5EDDE /* Debug */,
				901B2E20295AAC7500C5EDDE /* Release */,
			);
			defaultConfigurationIsVisible = 0;
			defaultConfigurationName = Release;
		};
		901B2E21295AAC7500C5EDDE /* Build configuration list for PBXNativeTarget "Lottie CollectionView" */ = {
			isa = XCConfigurationList;
			buildConfigurations = (
				901B2E22295AAC7500C5EDDE /* Debug */,
				901B2E23295AAC7500C5EDDE /* Release */,
			);
			defaultConfigurationIsVisible = 0;
			defaultConfigurationName = Release;
		};
/* End XCConfigurationList section */

/* Begin XCRemoteSwiftPackageReference section */
		901B2E24295AAD0700C5EDDE /* XCRemoteSwiftPackageReference "lottie-ios" */ = {
			isa = XCRemoteSwiftPackageReference;
			repositoryURL = "https://github.com/airbnb/lottie-ios.git";
			requirement = {
				kind = upToNextMajorVersion;
				minimumVersion = 4.0.0;
			};
		};
/* End XCRemoteSwiftPackageReference section */

/* Begin XCSwiftPackageProductDependency section */
		901B2E25295AAD0700C5EDDE /* Lottie */ = {
			isa = XCSwiftPackageProductDependency;
			package = 901B2E24295AAD0700C5EDDE /* XCRemoteSwiftPackageReference "lottie-ios" */;
			productName = Lottie;
		};
/* End XCSwiftPackageProductDependency section */
	};
	rootObject = 901B2E05295AAC7400C5EDDE /* Project object */;
}
